{
  "name": "studio",
  "lockfileVersion": 3,
  "requires": true,
  "packages": {
    "": {
      "dependencies": {
        "growrixos-sanity-studio": "file:.."
      }
    },
    "..": {
      "name": "growrixos-sanity-studio",
      "version": "0.0.1",
      "dependencies": {
        "@sanity/vision": "5.22.0",
        "date-fns": "4.1.0",
        "growrixos-sanity-studio": "file:",
        "react": "19.2.5",
        "react-dom": "19.2.5",
        "sanity": "5.22.0",
        "styled-components": "6.1.19"
      },
      "devDependencies": {
        "typescript": "^5.9.3"
      },
      "engines": {
        "node": "20.x"
      }
    },
    "node_modules/growrixos-sanity-studio": {
      "resolved": "..",
      "link": true
    }
  }
}
